
Microsoft Visual Studio Solution File, Format Version 12.00
# Visual Studio Version 17
VisualStudioVersion = 17.12.35527.113
MinimumVisualStudioVersion = 10.0.40219.1
Project("{FAE04EC0-301F-11D3-BF4B-00C04F79EFBC}") = "RP1_L00148202", "RP1_L00148202\RP1_L00148202.csproj", "{7406C989-620C-4A93-9133-B614B95478AE}"
EndProject
Project("{FAE04EC0-301F-11D3-BF4B-00C04F79EFBC}") = "MyProj-L00148202", "MyProj-L00148202\MyProj-L00148202.csproj", "{77BB1FAF-7FD4-4C6D-923E-B46638E623C8}"
EndProject
Project("{FAE04EC0-301F-11D3-BF4B-00C04F79EFBC}") = "RP1.DataAccess", "RP1.DataAccess\RP1.DataAccess.csproj", "{24171A56-856C-4BFC-A5B4-9D34AD761CA6}"
EndProject
Project("{FAE04EC0-301F-11D3-BF4B-00C04F79EFBC}") = "RP1.Models", "RP1.Models\RP1.Models.csproj", "{1F6E7C38-B4FB-441E-9576-3F2DD439D041}"
EndProject
Project("{FAE04EC0-301F-11D3-BF4B-00C04F79EFBC}") = "RP1.Services", "RP1.Services\RP1.Services.csproj", "{90BEA092-119E-40CD-A2E9-96C56126CA79}"
EndProject
Global
	GlobalSection(SolutionConfigurationPlatforms) = preSolution
		Debug|Any CPU = Debug|Any CPU
		Release|Any CPU = Release|Any CPU
	EndGlobalSection
	GlobalSection(ProjectConfigurationPlatforms) = postSolution
		{7406C989-620C-4A93-9133-B614B95478AE}.Debug|Any CPU.ActiveCfg = Debug|Any CPU
		{7406C989-620C-4A93-9133-B614B95478AE}.Debug|Any CPU.Build.0 = Debug|Any CPU
		{7406C989-620C-4A93-9133-B614B95478AE}.Release|Any CPU.ActiveCfg = Release|Any CPU
		{7406C989-620C-4A93-9133-B614B95478AE}.Release|Any CPU.Build.0 = Release|Any CPU
		{77BB1FAF-7FD4-4C6D-923E-B46638E623C8}.Debug|Any CPU.ActiveCfg = Debug|Any CPU
		{77BB1FAF-7FD4-4C6D-923E-B46638E623C8}.Debug|Any CPU.Build.0 = Debug|Any CPU
		{77BB1FAF-7FD4-4C6D-923E-B46638E623C8}.Release|Any CPU.ActiveCfg = Release|Any CPU
		{77BB1FAF-7FD4-4C6D-923E-B46638E623C8}.Release|Any CPU.Build.0 = Release|Any CPU
		{24171A56-856C-4BFC-A5B4-9D34AD761CA6}.Debug|Any CPU.ActiveCfg = Debug|Any CPU
		{24171A56-856C-4BFC-A5B4-9D34AD761CA6}.Debug|Any CPU.Build.0 = Debug|Any CPU
		{24171A56-856C-4BFC-A5B4-9D34AD761CA6}.Release|Any CPU.ActiveCfg = Release|Any CPU
		{24171A56-856C-4BFC-A5B4-9D34AD761CA6}.Release|Any CPU.Build.0 = Release|Any CPU
		{1F6E7C38-B4FB-441E-9576-3F2DD439D041}.Debug|Any CPU.ActiveCfg = Debug|Any CPU
		{1F6E7C38-B4FB-441E-9576-3F2DD439D041}.Debug|Any CPU.Build.0 = Debug|Any CPU
		{1F6E7C38-B4FB-441E-9576-3F2DD439D041}.Release|Any CPU.ActiveCfg = Release|Any CPU
		{1F6E7C38-B4FB-441E-9576-3F2DD439D041}.Release|Any CPU.Build.0 = Release|Any CPU
		{90BEA092-119E-40CD-A2E9-96C56126CA79}.Debug|Any CPU.ActiveCfg = Debug|Any CPU
		{90BEA092-119E-40CD-A2E9-96C56126CA79}.Debug|Any CPU.Build.0 = Debug|Any CPU
		{90BEA092-119E-40CD-A2E9-96C56126CA79}.Release|Any CPU.ActiveCfg = Release|Any CPU
		{90BEA092-119E-40CD-A2E9-96C56126CA79}.Release|Any CPU.Build.0 = Release|Any CPU
	EndGlobalSection
	GlobalSection(SolutionProperties) = preSolution
		HideSolutionNode = FALSE
	EndGlobalSection
EndGlobal
